
Microsoft Visual Studio Solution File, Format Version 10.00
# Visual Studio 2008
Project("{FAE04EC0-301F-11D3-BF4B-00C04F79EFBC}") = "TSCommon_Core", "TSCommon_Core\TSCommon_Core.csproj", "{8D7E8AB3-4202-41B3-8804-50778E5C08EA}"
EndProject
Project("{FAE04EC0-301F-11D3-BF4B-00C04F79EFBC}") = "TSCommon_Web", "TSCommon_Web\TSCommon_Web.csproj", "{E886CFAE-4502-4F7A-92F3-C70A412B8179}"
EndProject
Project("{FAE04EC0-301F-11D3-BF4B-00C04F79EFBC}") = "EaseErp_WareHouse", "WareHouse\EaseErp_WareHouse.csproj", "{917DD670-6E71-46CD-ADCC-BFD8C5930CF5}"
EndProject
Global
	GlobalSection(SubversionScc) = preSolution
		Svn-Managed = True
		Manager = AnkhSVN - Subversion Support for Visual Studio
	EndGlobalSection
	GlobalSection(SolutionConfigurationPlatforms) = preSolution
		Debug|Any CPU = Debug|Any CPU
		Release|Any CPU = Release|Any CPU
	EndGlobalSection
	GlobalSection(ProjectConfigurationPlatforms) = postSolution
		{8D7E8AB3-4202-41B3-8804-50778E5C08EA}.Debug|Any CPU.ActiveCfg = Debug|Any CPU
		{8D7E8AB3-4202-41B3-8804-50778E5C08EA}.Debug|Any CPU.Build.0 = Debug|Any CPU
		{8D7E8AB3-4202-41B3-8804-50778E5C08EA}.Release|Any CPU.ActiveCfg = Release|Any CPU
		{8D7E8AB3-4202-41B3-8804-50778E5C08EA}.Release|Any CPU.Build.0 = Release|Any CPU
		{E886CFAE-4502-4F7A-92F3-C70A412B8179}.Debug|Any CPU.ActiveCfg = Debug|Any CPU
		{E886CFAE-4502-4F7A-92F3-C70A412B8179}.Debug|Any CPU.Build.0 = Debug|Any CPU
		{E886CFAE-4502-4F7A-92F3-C70A412B8179}.Release|Any CPU.ActiveCfg = Release|Any CPU
		{E886CFAE-4502-4F7A-92F3-C70A412B8179}.Release|Any CPU.Build.0 = Release|Any CPU
		{917DD670-6E71-46CD-ADCC-BFD8C5930CF5}.Debug|Any CPU.ActiveCfg = Debug|Any CPU
		{917DD670-6E71-46CD-ADCC-BFD8C5930CF5}.Debug|Any CPU.Build.0 = Debug|Any CPU
		{917DD670-6E71-46CD-ADCC-BFD8C5930CF5}.Release|Any CPU.ActiveCfg = Release|Any CPU
		{917DD670-6E71-46CD-ADCC-BFD8C5930CF5}.Release|Any CPU.Build.0 = Release|Any CPU
	EndGlobalSection
	GlobalSection(SolutionProperties) = preSolution
		HideSolutionNode = FALSE
	EndGlobalSection
EndGlobal
